// !$*UTF8*$!
{
	archiveVersion = 1;
	classes = {
	};
	objectVersion = 50;
	objects = {

/* Begin PBXBuildFile section */
		CEE4BF3E23ED895800792C9C /* AppDelegate.swift in Sources */ = {isa = PBXBuildFile; fileRef = CEE4BF3D23ED895800792C9C /* AppDelegate.swift */; };
		CEE4BF4023ED895800792C9C /* SceneDelegate.swift in Sources */ = {isa = PBXBuildFile; fileRef = CEE4BF3F23ED895800792C9C /* SceneDelegate.swift */; };
		CEE4BF4223ED895800792C9C /* ViewController.swift in Sources */ = {isa = PBXBuildFile; fileRef = CEE4BF4123ED895800792C9C /* ViewController.swift */; };
		CEE4BF4523ED895800792C9C /* Main.storyboard in Resources */ = {isa = PBXBuildFile; fileRef = CEE4BF4323ED895800792C9C /* Main.storyboard */; };
		CEE4BF4723ED895900792C9C /* Assets.xcassets in Resources */ = {isa = PBXBuildFile; fileRef = CEE4BF4623ED895900792C9C /* Assets.xcassets */; };
		CEE4BF4A23ED895900792C9C /* LaunchScreen.storyboard in Resources */ = {isa = PBXBuildFile; fileRef = CEE4BF4823ED895900792C9C /* LaunchScreen.storyboard */; };
		CEE4BF5223EDA46700792C9C /* hpny.mp3 in Resources */ = {isa = PBXBuildFile; fileRef = CEE4BF5123EDA46700792C9C /* hpny.mp3 */; };
/* End PBXBuildFile section */

/* Begin PBXFileReference section */
		CEE4BF3A23ED895800792C9C /* Lixi.app */ = {isa = PBXFileReference; explicitFileType = wrapper.application; includeInIndex = 0; path = Lixi.app; sourceTree = BUILT_PRODUCTS_DIR; };
		CEE4BF3D23ED895800792C9C /* AppDelegate.swift */ = {isa = PBXFileReference; lastKnownFileType = sourcecode.swift; path = AppDelegate.swift; sourceTree = "<group>"; };
		CEE4BF3F23ED895800792C9C /* SceneDelegate.swift */ = {isa = PBXFileReference; lastKnownFileType = sourcecode.swift; path = SceneDelegate.swift; sourceTree = "<group>"; };
		CEE4BF4123ED895800792C9C /* ViewController.swift */ = {isa = PBXFileReference; lastKnownFileType = sourcecode.swift; path = ViewController.swift; sourceTree = "<group>"; };
		CEE4BF4423ED895800792C9C /* Base */ = {isa = PBXFileReference; lastKnownFileType = file.storyboard; name = Base; path = Base.lproj/Main.storyboard; sourceTree = "<group>"; };
		CEE4BF4623ED895900792C9C /* Assets.xcassets */ = {isa = PBXFileReference; lastKnownFileType = folder.assetcatalog; path = Assets.xcassets; sourceTree = "<group>"; };
		CEE4BF4923ED895900792C9C /* Base */ = {isa = PBXFileReference; lastKnownFileType = file.storyboard; name = Base; path = Base.lproj/LaunchScreen.storyboard; sourceTree = "<group>"; };
		CEE4BF4B23ED895900792C9C /* Info.plist */ = {isa = PBXFileReference; lastKnownFileType = text.plist.xml; path = Info.plist; sourceTree = "<group>"; };
		CEE4BF5123EDA46700792C9C /* hpny.mp3 */ = {isa = PBXFileReference; lastKnownFileType = audio.mp3; path = hpny.mp3; sourceTree = "<group>"; };
/* End PBXFileReference section */

/* Begin PBXFrameworksBuildPhase section */
		CEE4BF3723ED895800792C9C /* Frameworks */ = {
			isa = PBXFrameworksBuildPhase;
			buildActionMask = 2147483647;
			files = (
			);
			runOnlyForDeploymentPostprocessing = 0;
		};
/* End PBXFrameworksBuildPhase section */

/* Begin PBXGroup section */
		CEE4BF3123ED895800792C9C = {
			isa = PBXGroup;
			children = (
				CEE4BF3C23ED895800792C9C /* Lixi */,
				CEE4BF3B23ED895800792C9C /* Products */,
			);
			sourceTree = "<group>";
		};
		CEE4BF3B23ED895800792C9C /* Products */ = {
			isa = PBXGroup;
			children = (
				CEE4BF3A23ED895800792C9C /* Lixi.app */,
			);
			name = Products;
			sourceTree = "<group>";
		};
		CEE4BF3C23ED895800792C9C /* Lixi */ = {
			isa = PBXGroup;
			children = (
				CEE4BF3D23ED895800792C9C /* AppDelegate.swift */,
				CEE4BF3F23ED895800792C9C /* SceneDelegate.swift */,
				CEE4BF4123ED895800792C9C /* ViewController.swift */,
				CEE4BF4323ED895800792C9C /* Main.storyboard */,
				CEE4BF4623ED895900792C9C /* Assets.xcassets */,
				CEE4BF5123EDA46700792C9C /* hpny.mp3 */,
				CEE4BF4823ED895900792C9C /* LaunchScreen.storyboard */,
				CEE4BF4B23ED895900792C9C /* Info.plist */,
			);
			path = Lixi;
			sourceTree = "<group>";
		};
/* End PBXGroup section */

/* Begin PBXNativeTarget section */
		CEE4BF3923ED895800792C9C /* Lixi */ = {
			isa = PBXNativeTarget;
			buildConfigurationList = CEE4BF4E23ED895900792C9C /* Build configuration list for PBXNativeTarget "Lixi" */;
			buildPhases = (
				CEE4BF3623ED895800792C9C /* Sources */,
				CEE4BF3723ED895800792C9C /* Frameworks */,
				CEE4BF3823ED895800792C9C /* Resources */,
			);
			buildRules = (
			);
			dependencies = (
			);
			name = Lixi;
			productName = Lixi;
			productReference = CEE4BF3A23ED895800792C9C /* Lixi.app */;
			productType = "com.apple.product-type.application";
		};
/* End PBXNativeTarget section */

/* Begin PBXProject section */
		CEE4BF3223ED895800792C9C /* Project object */ = {
			isa = PBXProject;
			attributes = {
				LastSwiftUpdateCheck = 1130;
				LastUpgradeCheck = 1130;
				ORGANIZATIONNAME = hung;
				TargetAttributes = {
					CEE4BF3923ED895800792C9C = {
						CreatedOnToolsVersion = 11.3;
					};
				};
			};
			buildConfigurationList = CEE4BF3523ED895800792C9C /* Build configuration list for PBXProject "Lixi" */;
			compatibilityVersion = "Xcode 9.3";
			developmentRegion = en;
			hasScannedForEncodings = 0;
			knownRegions = (
				en,
				Base,
			);
			mainGroup = CEE4BF3123ED895800792C9C;
			productRefGroup = CEE4BF3B23ED895800792C9C /* Products */;
			projectDirPath = "";
			projectRoot = "";
			targets = (
				CEE4BF3923ED895800792C9C /* Lixi */,
			);
		};
/* End PBXProject section */

/* Begin PBXResourcesBuildPhase section */
		CEE4BF3823ED895800792C9C /* Resources */ = {
			isa = PBXResourcesBuildPhase;
			buildActionMask = 2147483647;
			files = (
				CEE4BF4A23ED895900792C9C /* LaunchScreen.storyboard in Resources */,
				CEE4BF5223EDA46700792C9C /* hpny.mp3 in Resources */,
				CEE4BF4723ED895900792C9C /* Assets.xcassets in Resources */,
				CEE4BF4523ED895800792C9C /* Main.storyboard in Resources */,
			);
			runOnlyForDeploymentPostprocessing = 0;
		};
/* End PBXResourcesBuildPhase section */

/* Begin PBXSourcesBuildPhase section */
		CEE4BF3623ED895800792C9C /* Sources */ = {
			isa = PBXSourcesBuildPhase;
			buildActionMask = 2147483647;
			files = (
				CEE4BF4223ED895800792C9C /* ViewController.swift in Sources */,
				CEE4BF3E23ED895800792C9C /* AppDelegate.swift in Sources */,
				CEE4BF4023ED895800792C9C /* SceneDelegate.swift in Sources */,
			);
			runOnlyForDeploymentPostprocessing = 0;
		};
/* End PBXSourcesBuildPhase section */

/* Begin PBXVariantGroup section */
		CEE4BF4323ED895800792C9C /* Main.storyboard */ = {
			isa = PBXVariantGroup;
			children = (
				CEE4BF4423ED895800792C9C /* Base */,
			);
			name = Main.storyboard;
			sourceTree = "<group>";
		};
		CEE4BF4823ED895900792C9C /* LaunchScreen.storyboard */ = {
			isa = PBXVariantGroup;
			children = (
				CEE4BF4923ED895900792C9C /* Base */,
			);
			name = LaunchScreen.storyboard;
			sourceTree = "<group>";
		};
/* End PBXVariantGroup section */

/* Begin XCBuildConfiguration section */
		CEE4BF4C23ED895900792C9C /* Debug */ = {
			isa = XCBuildConfiguration;
			buildSettings = {
				ALWAYS_SEARCH_USER_PATHS = NO;
				CLANG_ANALYZER_NONNULL = YES;
				CLANG_ANALYZER_NUMBER_OBJECT_CONVERSION = YES_AGGRESSIVE;
				CLANG_CXX_LANGUAGE_STANDARD = "gnu++14";
				CLANG_CXX_LIBRARY = "libc++";
				CLANG_ENABLE_MODULES = YES;
				CLANG_ENABLE_OBJC_ARC = YES;
				CLANG_ENABLE_OBJC_WEAK = YES;
				CLANG_WARN_BLOCK_CAPTURE_AUTORELEASING = YES;
				CLANG_WARN_BOOL_CONVERSION = YES;
				CLANG_WARN_COMMA = YES;
				CLANG_WARN_CONSTANT_CONVERSION = YES;
				CLANG_WARN_DEPRECATED_OBJC_IMPLEMENTATIONS = YES;
				CLANG_WARN_DIRECT_OBJC_ISA_USAGE = YES_ERROR;
				CLANG_WARN_DOCUMENTATION_COMMENTS = YES;
				CLANG_WARN_EMPTY_BODY = YES;
				CLANG_WARN_ENUM_CONVERSION = YES;
				CLANG_WARN_INFINITE_RECURSION = YES;
				CLANG_WARN_INT_CONVERSION = YES;
				CLANG_WARN_NON_LITERAL_NULL_CONVERSION = YES;
				CLANG_WARN_OBJC_IMPLICIT_RETAIN_SELF = YES;
				CLANG_WARN_OBJC_LITERAL_CONVERSION = YES;
				CLANG_WARN_OBJC_ROOT_CLASS = YES_ERROR;
				CLANG_WARN_RANGE_LOOP_ANALYSIS = YES;
				CLANG_WARN_STRICT_PROTOTYPES = YES;
				CLANG_WARN_SUSPICIOUS_MOVE = YES;
				CLANG_WARN_UNGUARDED_AVAILABILITY = YES_AGGRESSIVE;
				CLANG_WARN_UNREACHABLE_CODE = YES;
				CLANG_WARN__DUPLICATE_METHOD_MATCH = YES;
				COPY_PHASE_STRIP = NO;
				DEBUG_INFORMATION_FORMAT = dwarf;
				ENABLE_STRICT_OBJC_MSGSEND = YES;
				ENABLE_TESTABILITY = YES;
				GCC_C_LANGUAGE_STANDARD = gnu11;
				GCC_DYNAMIC_NO_PIC = NO;
				GCC_NO_COMMON_BLOCKS = YES;
				GCC_OPTIMIZATION_LEVEL = 0;
				GCC_PREPROCESSOR_DEFINITIONS = (
					"DEBUG=1",
					"$(inherited)",
				);
				GCC_WARN_64_TO_32_BIT_CONVERSION = YES;
				GCC_WARN_ABOUT_RETURN_TYPE = YES_ERROR;
				GCC_WARN_UNDECLARED_SELECTOR = YES;
				GCC_WARN_UNINITIALIZED_AUTOS = YES_AGGRESSIVE;
				GCC_WARN_UNUSED_FUNCTION = YES;
				GCC_WARN_UNUSED_VARIABLE = YES;
				IPHONEOS_DEPLOYMENT_TARGET = 13.2;
				MTL_ENABLE_DEBUG_INFO = INCLUDE_SOURCE;
				MTL_FAST_MATH = YES;
				ONLY_ACTIVE_ARCH = YES;
				SDKROOT = iphoneos;
				SWIFT_ACTIVE_COMPILATION_CONDITIONS = DEBUG;
				SWIFT_OPTIMIZATION_LEVEL = "-Onone";
			};
			name = Debug;
		};
		CEE4BF4D23ED895900792C9C /* Release */ = {
			isa = XCBuildConfiguration;
			buildSettings = {
				ALWAYS_SEARCH_USER_PATHS = NO;
				CLANG_ANALYZER_NONNULL = YES;
				CLANG_ANALYZER_NUMBER_OBJECT_CONVERSION = YES_AGGRESSIVE;
				CLANG_CXX_LANGUAGE_STANDARD = "gnu++14";
				CLANG_CXX_LIBRARY = "libc++";
				CLANG_ENABLE_MODULES = YES;
				CLANG_ENABLE_OBJC_ARC = YES;
				CLANG_ENABLE_OBJC_WEAK = YES;
				CLANG_WARN_BLOCK_CAPTURE_AUTORELEASING = YES;
				CLANG_WARN_BOOL_CONVERSION = YES;
				CLANG_WARN_COMMA = YES;
				CLANG_WARN_CONSTANT_CONVERSION = YES;
				CLANG_WARN_DEPRECATED_OBJC_IMPLEMENTATIONS = YES;
				CLANG_WARN_DIRECT_OBJC_ISA_USAGE = YES_ERROR;
				CLANG_WARN_DOCUMENTATION_COMMENTS = YES;
				CLANG_WARN_EMPTY_BODY = YES;
				CLANG_WARN_ENUM_CONVERSION = YES;
				CLANG_WARN_INFINITE_RECURSION = YES;
				CLANG_WARN_INT_CONVERSION = YES;
				CLANG_WARN_NON_LITERAL_NULL_CONVERSION = YES;
				CLANG_WARN_OBJC_IMPLICIT_RETAIN_SELF = YES;
				CLANG_WARN_OBJC_LITERAL_CONVERSION = YES;
				CLANG_WARN_OBJC_ROOT_CLASS = YES_ERROR;
				CLANG_WARN_RANGE_LOOP_ANALYSIS = YES;
				CLANG_WARN_STRICT_PROTOTYPES = YES;
				CLANG_WARN_SUSPICIOUS_MOVE = YES;
				CLANG_WARN_UNGUARDED_AVAILABILITY = YES_AGGRESSIVE;
				CLANG_WARN_UNREACHABLE_CODE = YES;
				CLANG_WARN__DUPLICATE_METHOD_MATCH = YES;
				COPY_PHASE_STRIP = NO;
				DEBUG_INFORMATION_FORMAT = "dwarf-with-dsym";
				ENABLE_NS_ASSERTIONS = NO;
				ENABLE_STRICT_OBJC_MSGSEND = YES;
				GCC_C_LANGUAGE_STANDARD = gnu11;
				GCC_NO_COMMON_BLOCKS = YES;
				GCC_WARN_64_TO_32_BIT_CONVERSION = YES;
				GCC_WARN_ABOUT_RETURN_TYPE = YES_ERROR;
				GCC_WARN_UNDECLARED_SELECTOR = YES;
				GCC_WARN_UNINITIALIZED_AUTOS = YES_AGGRESSIVE;
				GCC_WARN_UNUSED_FUNCTION = YES;
				GCC_WARN_UNUSED_VARIABLE = YES;
				IPHONEOS_DEPLOYMENT_TARGET = 13.2;
				MTL_ENABLE_DEBUG_INFO = NO;
				MTL_FAST_MATH = YES;
				SDKROOT = iphoneos;
				SWIFT_COMPILATION_MODE = wholemodule;
				SWIFT_OPTIMIZATION_LEVEL = "-O";
				VALIDATE_PRODUCT = YES;
			};
			name = Release;
		};
		CEE4BF4F23ED895900792C9C /* Debug */ = {
			isa = XCBuildConfiguration;
			buildSettings = {
				ASSETCATALOG_COMPILER_APPICON_NAME = AppIcon;
				CODE_SIGN_STYLE = Automatic;
				INFOPLIST_FILE = Lixi/Info.plist;
				LD_RUNPATH_SEARCH_PATHS = (
					"$(inherited)",
					"@executable_path/Frameworks",
				);
				PRODUCT_BUNDLE_IDENTIFIER = com.hungnguyen.Lixi;
				PRODUCT_NAME = "$(TARGET_NAME)";
				SWIFT_VERSION = 5.0;
				TARGETED_DEVICE_FAMILY = "1,2";
			};
			name = Debug;
		};
		CEE4BF5023ED895900792C9C /* Release */ = {
			isa = XCBuildConfiguration;
			buildSettings = {
				ASSETCATALOG_COMPILER_APPICON_NAME = AppIcon;
				CODE_SIGN_STYLE = Automatic;
				INFOPLIST_FILE = Lixi/Info.plist;
				LD_RUNPATH_SEARCH_PATHS = (
					"$(inherited)",
					"@executable_path/Frameworks",
				);
				PRODUCT_BUNDLE_IDENTIFIER = com.hungnguyen.Lixi;
				PRODUCT_NAME = "$(TARGET_NAME)";
				SWIFT_VERSION = 5.0;
				TARGETED_DEVICE_FAMILY = "1,2";
			};
			name = Release;
		};
/* End XCBuildConfiguration section */

/* Begin XCConfigurationList section */
		CEE4BF3523ED895800792C9C /* Build configuration list for PBXProject "Lixi" */ = {
			isa = XCConfigurationList;
			buildConfigurations = (
				CEE4BF4C23ED895900792C9C /* Debug */,
				CEE4BF4D23ED895900792C9C /* Release */,
			);
			defaultConfigurationIsVisible = 0;
			defaultConfigurationName = Release;
		};
		CEE4BF4E23ED895900792C9C /* Build configuration list for PBXNativeTarget "Lixi" */ = {
			isa = XCConfigurationList;
			buildConfigurations = (
				CEE4BF4F23ED895900792C9C /* Debug */,
				CEE4BF5023ED895900792C9C /* Release */,
			);
			defaultConfigurationIsVisible = 0;
			defaultConfigurationName = Release;
		};
/* End XCConfigurationList section */
	};
	rootObject = CEE4BF3223ED895800792C9C /* Project object */;
}
